// !$*UTF8*$!
{
	archiveVersion = 1;
	classes = {
	};
	objectVersion = 50;
	objects = {

/* Begin PBXBuildFile section */
		984B21134D5FB2BC0FB0C2AE /* Pods_MarsipleTests.framework in Frameworks */ = {isa = PBXBuildFile; fileRef = D59BD9DA2DEC0C8E866341F2 /* Pods_MarsipleTests.framework */; };
		E3754DAB879527D390014039 /* Pods_Marsiple.framework in Frameworks */ = {isa = PBXBuildFile; fileRef = 6021C7677C9DBC963ABB0F09 /* Pods_Marsiple.framework */; };
		F5072A9B20FF5695002B5E9E /* MartianApi.swift in Sources */ = {isa = PBXBuildFile; fileRef = F5072A9A20FF5695002B5E9E /* MartianApi.swift */; };
		F5072AA720FF77F6002B5E9E /* UIColor-Marsiple.swift in Sources */ = {isa = PBXBuildFile; fileRef = F5072AA620FF77F6002B5E9E /* UIColor-Marsiple.swift */; };
		F5072AA920FF7E09002B5E9E /* HTTPRequestMethod.swift in Sources */ = {isa = PBXBuildFile; fileRef = F5072AA820FF7E09002B5E9E /* HTTPRequestMethod.swift */; };
		F5072AAB20FF83B7002B5E9E /* HTTPRequestHeader.swift in Sources */ = {isa = PBXBuildFile; fileRef = F5072AAA20FF83B7002B5E9E /* HTTPRequestHeader.swift */; };
		F5403D3C2109D848003D5088 /* TodosViewController.swift in Sources */ = {isa = PBXBuildFile; fileRef = F5403D3B2109D848003D5088 /* TodosViewController.swift */; };
		F5403D3E2109D862003D5088 /* TodosView.swift in Sources */ = {isa = PBXBuildFile; fileRef = F5403D3D2109D862003D5088 /* TodosView.swift */; };
		F5447C7B210EFB14001A20F2 /* Todo.swift in Sources */ = {isa = PBXBuildFile; fileRef = F5447C7A210EFB14001A20F2 /* Todo.swift */; };
		F54873D121109274001B3D6F /* TodoFormViewController.swift in Sources */ = {isa = PBXBuildFile; fileRef = F54873D021109274001B3D6F /* TodoFormViewController.swift */; };
		F54873D321109293001B3D6F /* TodoFormView.swift in Sources */ = {isa = PBXBuildFile; fileRef = F54873D221109293001B3D6F /* TodoFormView.swift */; };
		F54873D92112F3AE001B3D6F /* TodosIndex.swift in Sources */ = {isa = PBXBuildFile; fileRef = F54873D82112F3AE001B3D6F /* TodosIndex.swift */; };
		F55050B120FCB166001788D0 /* PostsViewController.swift in Sources */ = {isa = PBXBuildFile; fileRef = F55050B020FCB166001788D0 /* PostsViewController.swift */; };
		F55050B320FCB272001788D0 /* PostsView.swift in Sources */ = {isa = PBXBuildFile; fileRef = F55050B220FCB272001788D0 /* PostsView.swift */; };
		F55050B520FCB32F001788D0 /* UIView-Marsiple.swift in Sources */ = {isa = PBXBuildFile; fileRef = F55050B420FCB32F001788D0 /* UIView-Marsiple.swift */; };
		F55050B720FCB395001788D0 /* Post.swift in Sources */ = {isa = PBXBuildFile; fileRef = F55050B620FCB395001788D0 /* Post.swift */; };
		F55050B920FCB822001788D0 /* PostTableViewCell.swift in Sources */ = {isa = PBXBuildFile; fileRef = F55050B820FCB822001788D0 /* PostTableViewCell.swift */; };
		F55050BC20FCF762001788D0 /* Localizable.strings in Resources */ = {isa = PBXBuildFile; fileRef = F55050BB20FCF762001788D0 /* Localizable.strings */; };
		F55050BE20FCF84E001788D0 /* LocalizationKey.swift in Sources */ = {isa = PBXBuildFile; fileRef = F55050BD20FCF84E001788D0 /* LocalizationKey.swift */; };
		F55050C020FCF982001788D0 /* String-Marsiple.swift in Sources */ = {isa = PBXBuildFile; fileRef = F55050BF20FCF982001788D0 /* String-Marsiple.swift */; };
		F55050C520FD0181001788D0 /* TabBarController.swift in Sources */ = {isa = PBXBuildFile; fileRef = F55050C420FD0181001788D0 /* TabBarController.swift */; };
		F55050C920FE05AF001788D0 /* PostsFetcher.swift in Sources */ = {isa = PBXBuildFile; fileRef = F55050C820FE05AF001788D0 /* PostsFetcher.swift */; };
		F5B106CE2109D9FA008D12AA /* TodoTableViewCell.swift in Sources */ = {isa = PBXBuildFile; fileRef = F5B106CD2109D9FA008D12AA /* TodoTableViewCell.swift */; };
		F5E47A9820FC8797007184ED /* AppDelegate.swift in Sources */ = {isa = PBXBuildFile; fileRef = F5E47A9720FC8797007184ED /* AppDelegate.swift */; };
		F5E47A9F20FC8798007184ED /* Assets.xcassets in Resources */ = {isa = PBXBuildFile; fileRef = F5E47A9E20FC8798007184ED /* Assets.xcassets */; };
		F5E47AAD20FC8798007184ED /* MarsipleTests.swift in Sources */ = {isa = PBXBuildFile; fileRef = F5E47AAC20FC8798007184ED /* MarsipleTests.swift */; };
		F5E47AC320FC8B9B007184ED /* Info.plist in Resources */ = {isa = PBXBuildFile; fileRef = F5E47AA320FC8798007184ED /* Info.plist */; };
/* End PBXBuildFile section */

/* Begin PBXContainerItemProxy section */
		F5E47AA920FC8798007184ED /* PBXContainerItemProxy */ = {
			isa = PBXContainerItemProxy;
			containerPortal = F5E47A8C20FC8797007184ED /* Project object */;
			proxyType = 1;
			remoteGlobalIDString = F5E47A9320FC8797007184ED;
			remoteInfo = Marsiple;
		};
/* End PBXContainerItemProxy section */

/* Begin PBXFileReference section */
		329A3398E1E61CC2904E6614 /* Pods-MarsipleTests.debug.xcconfig */ = {isa = PBXFileReference; includeInIndex = 1; lastKnownFileType = text.xcconfig; name = "Pods-MarsipleTests.debug.xcconfig"; path = "Pods/Target Support Files/Pods-MarsipleTests/Pods-MarsipleTests.debug.xcconfig"; sourceTree = "<group>"; };
		4205AB745763B42F7DC6D9FF /* Pods-Marsiple.release.xcconfig */ = {isa = PBXFileReference; includeInIndex = 1; lastKnownFileType = text.xcconfig; name = "Pods-Marsiple.release.xcconfig"; path = "Pods/Target Support Files/Pods-Marsiple/Pods-Marsiple.release.xcconfig"; sourceTree = "<group>"; };
		6021C7677C9DBC963ABB0F09 /* Pods_Marsiple.framework */ = {isa = PBXFileReference; explicitFileType = wrapper.framework; includeInIndex = 0; path = Pods_Marsiple.framework; sourceTree = BUILT_PRODUCTS_DIR; };
		6281ECE3AAE73F06DDAD88FB /* Pods-MarsipleTests.release.xcconfig */ = {isa = PBXFileReference; includeInIndex = 1; lastKnownFileType = text.xcconfig; name = "Pods-MarsipleTests.release.xcconfig"; path = "Pods/Target Support Files/Pods-MarsipleTests/Pods-MarsipleTests.release.xcconfig"; sourceTree = "<group>"; };
		D59BD9DA2DEC0C8E866341F2 /* Pods_MarsipleTests.framework */ = {isa = PBXFileReference; explicitFileType = wrapper.framework; includeInIndex = 0; path = Pods_MarsipleTests.framework; sourceTree = BUILT_PRODUCTS_DIR; };
		DD4BAF21888EE1B071B8FEA3 /* Pods-Marsiple.debug.xcconfig */ = {isa = PBXFileReference; includeInIndex = 1; lastKnownFileType = text.xcconfig; name = "Pods-Marsiple.debug.xcconfig"; path = "Pods/Target Support Files/Pods-Marsiple/Pods-Marsiple.debug.xcconfig"; sourceTree = "<group>"; };
		F5072A9A20FF5695002B5E9E /* MartianApi.swift */ = {isa = PBXFileReference; lastKnownFileType = sourcecode.swift; path = MartianApi.swift; sourceTree = "<group>"; };
		F5072AA620FF77F6002B5E9E /* UIColor-Marsiple.swift */ = {isa = PBXFileReference; lastKnownFileType = sourcecode.swift; path = "UIColor-Marsiple.swift"; sourceTree = "<group>"; };
		F5072AA820FF7E09002B5E9E /* HTTPRequestMethod.swift */ = {isa = PBXFileReference; lastKnownFileType = sourcecode.swift; path = HTTPRequestMethod.swift; sourceTree = "<group>"; };
		F5072AAA20FF83B7002B5E9E /* HTTPRequestHeader.swift */ = {isa = PBXFileReference; lastKnownFileType = sourcecode.swift; path = HTTPRequestHeader.swift; sourceTree = "<group>"; };
		F5403D3B2109D848003D5088 /* TodosViewController.swift */ = {isa = PBXFileReference; lastKnownFileType = sourcecode.swift; path = TodosViewController.swift; sourceTree = "<group>"; };
		F5403D3D2109D862003D5088 /* TodosView.swift */ = {isa = PBXFileReference; lastKnownFileType = sourcecode.swift; path = TodosView.swift; sourceTree = "<group>"; };
		F5447C7A210EFB14001A20F2 /* Todo.swift */ = {isa = PBXFileReference; lastKnownFileType = sourcecode.swift; path = Todo.swift; sourceTree = "<group>"; };
		F54873D021109274001B3D6F /* TodoFormViewController.swift */ = {isa = PBXFileReference; lastKnownFileType = sourcecode.swift; path = TodoFormViewController.swift; sourceTree = "<group>"; };
		F54873D221109293001B3D6F /* TodoFormView.swift */ = {isa = PBXFileReference; lastKnownFileType = sourcecode.swift; path = TodoFormView.swift; sourceTree = "<group>"; };
		F54873D82112F3AE001B3D6F /* TodosIndex.swift */ = {isa = PBXFileReference; lastKnownFileType = sourcecode.swift; path = TodosIndex.swift; sourceTree = "<group>"; };
		F55050B020FCB166001788D0 /* PostsViewController.swift */ = {isa = PBXFileReference; lastKnownFileType = sourcecode.swift; path = PostsViewController.swift; sourceTree = "<group>"; };
		F55050B220FCB272001788D0 /* PostsView.swift */ = {isa = PBXFileReference; lastKnownFileType = sourcecode.swift; path = PostsView.swift; sourceTree = "<group>"; };
		F55050B420FCB32F001788D0 /* UIView-Marsiple.swift */ = {isa = PBXFileReference; lastKnownFileType = sourcecode.swift; path = "UIView-Marsiple.swift"; sourceTree = "<group>"; };
		F55050B620FCB395001788D0 /* Post.swift */ = {isa = PBXFileReference; lastKnownFileType = sourcecode.swift; path = Post.swift; sourceTree = "<group>"; };
		F55050B820FCB822001788D0 /* PostTableViewCell.swift */ = {isa = PBXFileReference; lastKnownFileType = sourcecode.swift; path = PostTableViewCell.swift; sourceTree = "<group>"; };
		F55050BB20FCF762001788D0 /* Localizable.strings */ = {isa = PBXFileReference; lastKnownFileType = text.plist.strings; path = Localizable.strings; sourceTree = "<group>"; };
		F55050BD20FCF84E001788D0 /* LocalizationKey.swift */ = {isa = PBXFileReference; lastKnownFileType = sourcecode.swift; path = LocalizationKey.swift; sourceTree = "<group>"; };
		F55050BF20FCF982001788D0 /* String-Marsiple.swift */ = {isa = PBXFileReference; lastKnownFileType = sourcecode.swift; path = "String-Marsiple.swift"; sourceTree = "<group>"; };
		F55050C420FD0181001788D0 /* TabBarController.swift */ = {isa = PBXFileReference; lastKnownFileType = sourcecode.swift; path = TabBarController.swift; sourceTree = "<group>"; };
		F55050C820FE05AF001788D0 /* PostsFetcher.swift */ = {isa = PBXFileReference; lastKnownFileType = sourcecode.swift; path = PostsFetcher.swift; sourceTree = "<group>"; };
		F5B106CD2109D9FA008D12AA /* TodoTableViewCell.swift */ = {isa = PBXFileReference; lastKnownFileType = sourcecode.swift; path = TodoTableViewCell.swift; sourceTree = "<group>"; };
		F5E47A9420FC8797007184ED /* Marsiple.app */ = {isa = PBXFileReference; explicitFileType = wrapper.application; includeInIndex = 0; path = Marsiple.app; sourceTree = BUILT_PRODUCTS_DIR; };
		F5E47A9720FC8797007184ED /* AppDelegate.swift */ = {isa = PBXFileReference; lastKnownFileType = sourcecode.swift; path = AppDelegate.swift; sourceTree = "<group>"; };
		F5E47A9E20FC8798007184ED /* Assets.xcassets */ = {isa = PBXFileReference; lastKnownFileType = folder.assetcatalog; path = Assets.xcassets; sourceTree = "<group>"; };
		F5E47AA320FC8798007184ED /* Info.plist */ = {isa = PBXFileReference; lastKnownFileType = text.plist.xml; path = Info.plist; sourceTree = "<group>"; };
		F5E47AA820FC8798007184ED /* MarsipleTests.xctest */ = {isa = PBXFileReference; explicitFileType = wrapper.cfbundle; includeInIndex = 0; path = MarsipleTests.xctest; sourceTree = BUILT_PRODUCTS_DIR; };
		F5E47AAC20FC8798007184ED /* MarsipleTests.swift */ = {isa = PBXFileReference; lastKnownFileType = sourcecode.swift; path = MarsipleTests.swift; sourceTree = "<group>"; };
		F5E47AAE20FC8798007184ED /* Info.plist */ = {isa = PBXFileReference; lastKnownFileType = text.plist.xml; path = Info.plist; sourceTree = "<group>"; };
/* End PBXFileReference section */

/* Begin PBXFrameworksBuildPhase section */
		F5E47A9120FC8797007184ED /* Frameworks */ = {
			isa = PBXFrameworksBuildPhase;
			buildActionMask = 2147483647;
			files = (
				E3754DAB879527D390014039 /* Pods_Marsiple.framework in Frameworks */,
			);
			runOnlyForDeploymentPostprocessing = 0;
		};
		F5E47AA520FC8798007184ED /* Frameworks */ = {
			isa = PBXFrameworksBuildPhase;
			buildActionMask = 2147483647;
			files = (
				984B21134D5FB2BC0FB0C2AE /* Pods_MarsipleTests.framework in Frameworks */,
			);
			runOnlyForDeploymentPostprocessing = 0;
		};
/* End PBXFrameworksBuildPhase section */

/* Begin PBXGroup section */
		08403ABA8363FBFDEFAA0A1C /* Pods */ = {
			isa = PBXGroup;
			children = (
				DD4BAF21888EE1B071B8FEA3 /* Pods-Marsiple.debug.xcconfig */,
				4205AB745763B42F7DC6D9FF /* Pods-Marsiple.release.xcconfig */,
				329A3398E1E61CC2904E6614 /* Pods-MarsipleTests.debug.xcconfig */,
				6281ECE3AAE73F06DDAD88FB /* Pods-MarsipleTests.release.xcconfig */,
			);
			name = Pods;
			sourceTree = "<group>";
		};
		BB41B4F4C5784C9AF9515BD0 /* Frameworks */ = {
			isa = PBXGroup;
			children = (
				6021C7677C9DBC963ABB0F09 /* Pods_Marsiple.framework */,
				D59BD9DA2DEC0C8E866341F2 /* Pods_MarsipleTests.framework */,
			);
			name = Frameworks;
			sourceTree = "<group>";
		};
		F5403D3A2109D824003D5088 /* Todos */ = {
			isa = PBXGroup;
			children = (
				F5403D3B2109D848003D5088 /* TodosViewController.swift */,
				F5403D3D2109D862003D5088 /* TodosView.swift */,
				F5B106CD2109D9FA008D12AA /* TodoTableViewCell.swift */,
				F54873D82112F3AE001B3D6F /* TodosIndex.swift */,
			);
			path = Todos;
			sourceTree = "<group>";
		};
		F54873CF21109244001B3D6F /* Todo Form */ = {
			isa = PBXGroup;
			children = (
				F54873D021109274001B3D6F /* TodoFormViewController.swift */,
				F54873D221109293001B3D6F /* TodoFormView.swift */,
			);
			path = "Todo Form";
			sourceTree = "<group>";
		};
		F55050AF20FCB10D001788D0 /* Posts */ = {
			isa = PBXGroup;
			children = (
				F55050B020FCB166001788D0 /* PostsViewController.swift */,
				F55050B220FCB272001788D0 /* PostsView.swift */,
				F55050B820FCB822001788D0 /* PostTableViewCell.swift */,
			);
			path = Posts;
			sourceTree = "<group>";
		};
		F55050C320FCFFE4001788D0 /* Tab Bar */ = {
			isa = PBXGroup;
			children = (
				F55050C420FD0181001788D0 /* TabBarController.swift */,
			);
			path = "Tab Bar";
			sourceTree = "<group>";
		};
		F5E47A8B20FC8797007184ED = {
			isa = PBXGroup;
			children = (
				F5E47A9620FC8797007184ED /* Marsiple */,
				F5E47AAB20FC8798007184ED /* MarsipleTests */,
				F5E47A9520FC8797007184ED /* Products */,
				08403ABA8363FBFDEFAA0A1C /* Pods */,
				BB41B4F4C5784C9AF9515BD0 /* Frameworks */,
			);
			sourceTree = "<group>";
		};
		F5E47A9520FC8797007184ED /* Products */ = {
			isa = PBXGroup;
			children = (
				F5E47A9420FC8797007184ED /* Marsiple.app */,
				F5E47AA820FC8798007184ED /* MarsipleTests.xctest */,
			);
			name = Products;
			sourceTree = "<group>";
		};
		F5E47A9620FC8797007184ED /* Marsiple */ = {
			isa = PBXGroup;
			children = (
				F5E47AB720FC87EC007184ED /* App */,
				F5E47AB820FC87F4007184ED /* Common */,
				F5E47AB920FC8856007184ED /* Resources */,
			);
			path = Marsiple;
			sourceTree = "<group>";
		};
		F5E47AAB20FC8798007184ED /* MarsipleTests */ = {
			isa = PBXGroup;
			children = (
				F5E47AAC20FC8798007184ED /* MarsipleTests.swift */,
				F5E47AAE20FC8798007184ED /* Info.plist */,
			);
			path = MarsipleTests;
			sourceTree = "<group>";
		};
		F5E47AB720FC87EC007184ED /* App */ = {
			isa = PBXGroup;
			children = (
				F5E47A9720FC8797007184ED /* AppDelegate.swift */,
				F55050C320FCFFE4001788D0 /* Tab Bar */,
				F55050AF20FCB10D001788D0 /* Posts */,
				F5403D3A2109D824003D5088 /* Todos */,
				F54873CF21109244001B3D6F /* Todo Form */,
			);
			path = App;
			sourceTree = "<group>";
		};
		F5E47AB820FC87F4007184ED /* Common */ = {
			isa = PBXGroup;
			children = (
				F5E47ABA20FC88C7007184ED /* Localization */,
				F5E47ABB20FC88D2007184ED /* Utilities */,
				F5E47AC020FC8919007184ED /* UI */,
				F5E47ABF20FC890E007184ED /* Network */,
				F5E47ABE20FC8908007184ED /* Models */,
				F5E47ABD20FC88FE007184ED /* Extensions */,
				F5E47ABC20FC88F5007184ED /* Persistence */,
			);
			path = Common;
			sourceTree = "<group>";
		};
		F5E47AB920FC8856007184ED /* Resources */ = {
			isa = PBXGroup;
			children = (
				F5E47AC120FC896D007184ED /* Localization */,
				F5E47A9E20FC8798007184ED /* Assets.xcassets */,
				F5E47AC220FC8982007184ED /* Other */,
			);
			path = Resources;
			sourceTree = "<group>";
		};
		F5E47ABA20FC88C7007184ED /* Localization */ = {
			isa = PBXGroup;
			children = (
				F55050BD20FCF84E001788D0 /* LocalizationKey.swift */,
			);
			path = Localization;
			sourceTree = "<group>";
		};
		F5E47ABB20FC88D2007184ED /* Utilities */ = {
			isa = PBXGroup;
			children = (
			);
			path = Utilities;
			sourceTree = "<group>";
		};
		F5E47ABC20FC88F5007184ED /* Persistence */ = {
			isa = PBXGroup;
			children = (
			);
			path = Persistence;
			sourceTree = "<group>";
		};
		F5E47ABD20FC88FE007184ED /* Extensions */ = {
			isa = PBXGroup;
			children = (
				F55050B420FCB32F001788D0 /* UIView-Marsiple.swift */,
				F55050BF20FCF982001788D0 /* String-Marsiple.swift */,
				F5072AA620FF77F6002B5E9E /* UIColor-Marsiple.swift */,
			);
			path = Extensions;
			sourceTree = "<group>";
		};
		F5E47ABE20FC8908007184ED /* Models */ = {
			isa = PBXGroup;
			children = (
				F55050B620FCB395001788D0 /* Post.swift */,
				F5447C7A210EFB14001A20F2 /* Todo.swift */,
			);
			path = Models;
			sourceTree = "<group>";
		};
		F5E47ABF20FC890E007184ED /* Network */ = {
			isa = PBXGroup;
			children = (
				F55050C820FE05AF001788D0 /* PostsFetcher.swift */,
				F5072A9A20FF5695002B5E9E /* MartianApi.swift */,
				F5072AA820FF7E09002B5E9E /* HTTPRequestMethod.swift */,
				F5072AAA20FF83B7002B5E9E /* HTTPRequestHeader.swift */,
			);
			path = Network;
			sourceTree = "<group>";
		};
		F5E47AC020FC8919007184ED /* UI */ = {
			isa = PBXGroup;
			children = (
			);
			path = UI;
			sourceTree = "<group>";
		};
		F5E47AC120FC896D007184ED /* Localization */ = {
			isa = PBXGroup;
			children = (
				F55050BB20FCF762001788D0 /* Localizable.strings */,
			);
			path = Localization;
			sourceTree = "<group>";
		};
		F5E47AC220FC8982007184ED /* Other */ = {
			isa = PBXGroup;
			children = (
				F5E47AA320FC8798007184ED /* Info.plist */,
			);
			path = Other;
			sourceTree = "<group>";
		};
/* End PBXGroup section */

/* Begin PBXNativeTarget section */
		F5E47A9320FC8797007184ED /* Marsiple */ = {
			isa = PBXNativeTarget;
			buildConfigurationList = F5E47AB120FC8798007184ED /* Build configuration list for PBXNativeTarget "Marsiple" */;
			buildPhases = (
				F55050BA20FCF16C001788D0 /* ShellScript */,
				027403AAC6BE23508FD3A398 /* [CP] Check Pods Manifest.lock */,
				F5E47A9020FC8797007184ED /* Sources */,
				F5E47A9120FC8797007184ED /* Frameworks */,
				F5E47A9220FC8797007184ED /* Resources */,
				3DC7F521E90BD2C65E6C752C /* [CP] Embed Pods Frameworks */,
				48979DBF21021271009F024D /* Todo/Note warnings */,
			);
			buildRules = (
			);
			dependencies = (
			);
			name = Marsiple;
			productName = Marsiple;
			productReference = F5E47A9420FC8797007184ED /* Marsiple.app */;
			productType = "com.apple.product-type.application";
		};
		F5E47AA720FC8798007184ED /* MarsipleTests */ = {
			isa = PBXNativeTarget;
			buildConfigurationList = F5E47AB420FC8798007184ED /* Build configuration list for PBXNativeTarget "MarsipleTests" */;
			buildPhases = (
				4F8689503003149450FBED84 /* [CP] Check Pods Manifest.lock */,
				F5E47AA420FC8798007184ED /* Sources */,
				F5E47AA520FC8798007184ED /* Frameworks */,
				F5E47AA620FC8798007184ED /* Resources */,
			);
			buildRules = (
			);
			dependencies = (
				F5E47AAA20FC8798007184ED /* PBXTargetDependency */,
			);
			name = MarsipleTests;
			productName = MarsipleTests;
			productReference = F5E47AA820FC8798007184ED /* MarsipleTests.xctest */;
			productType = "com.apple.product-type.bundle.unit-test";
		};
/* End PBXNativeTarget section */

/* Begin PBXProject section */
		F5E47A8C20FC8797007184ED /* Project object */ = {
			isa = PBXProject;
			attributes = {
				LastSwiftUpdateCheck = 0940;
				LastUpgradeCheck = 0940;
				ORGANIZATIONNAME = "Matej Korman";
				TargetAttributes = {
					F5E47A9320FC8797007184ED = {
						CreatedOnToolsVersion = 9.4.1;
					};
					F5E47AA720FC8798007184ED = {
						CreatedOnToolsVersion = 9.4.1;
						TestTargetID = F5E47A9320FC8797007184ED;
					};
				};
			};
			buildConfigurationList = F5E47A8F20FC8797007184ED /* Build configuration list for PBXProject "Marsiple" */;
			compatibilityVersion = "Xcode 9.3";
			developmentRegion = en;
			hasScannedForEncodings = 0;
			knownRegions = (
				en,
				Base,
			);
			mainGroup = F5E47A8B20FC8797007184ED;
			productRefGroup = F5E47A9520FC8797007184ED /* Products */;
			projectDirPath = "";
			projectRoot = "";
			targets = (
				F5E47A9320FC8797007184ED /* Marsiple */,
				F5E47AA720FC8798007184ED /* MarsipleTests */,
			);
		};
/* End PBXProject section */

/* Begin PBXResourcesBuildPhase section */
		F5E47A9220FC8797007184ED /* Resources */ = {
			isa = PBXResourcesBuildPhase;
			buildActionMask = 2147483647;
			files = (
				F5E47AC320FC8B9B007184ED /* Info.plist in Resources */,
				F55050BC20FCF762001788D0 /* Localizable.strings in Resources */,
				F5E47A9F20FC8798007184ED /* Assets.xcassets in Resources */,
			);
			runOnlyForDeploymentPostprocessing = 0;
		};
		F5E47AA620FC8798007184ED /* Resources */ = {
			isa = PBXResourcesBuildPhase;
			buildActionMask = 2147483647;
			files = (
			);
			runOnlyForDeploymentPostprocessing = 0;
		};
/* End PBXResourcesBuildPhase section */

/* Begin PBXShellScriptBuildPhase section */
		027403AAC6BE23508FD3A398 /* [CP] Check Pods Manifest.lock */ = {
			isa = PBXShellScriptBuildPhase;
			buildActionMask = 2147483647;
			files = (
			);
			inputPaths = (
				"${PODS_PODFILE_DIR_PATH}/Podfile.lock",
				"${PODS_ROOT}/Manifest.lock",
			);
			name = "[CP] Check Pods Manifest.lock";
			outputPaths = (
				"$(DERIVED_FILE_DIR)/Pods-Marsiple-checkManifestLockResult.txt",
			);
			runOnlyForDeploymentPostprocessing = 0;
			shellPath = /bin/sh;
			shellScript = "diff \"${PODS_PODFILE_DIR_PATH}/Podfile.lock\" \"${PODS_ROOT}/Manifest.lock\" > /dev/null\nif [ $? != 0 ] ; then\n    # print error to STDERR\n    echo \"error: The sandbox is not in sync with the Podfile.lock. Run 'pod install' or update your CocoaPods installation.\" >&2\n    exit 1\nfi\n# This output is used by Xcode 'outputs' to avoid re-running this script phase.\necho \"SUCCESS\" > \"${SCRIPT_OUTPUT_FILE_0}\"\n";
			showEnvVarsInLog = 0;
		};
		3DC7F521E90BD2C65E6C752C /* [CP] Embed Pods Frameworks */ = {
			isa = PBXShellScriptBuildPhase;
			buildActionMask = 2147483647;
			files = (
			);
			inputPaths = (
				"${SRCROOT}/Pods/Target Support Files/Pods-Marsiple/Pods-Marsiple-frameworks.sh",
				"${BUILT_PRODUCTS_DIR}/SnapKit/SnapKit.framework",
			);
			name = "[CP] Embed Pods Frameworks";
			outputPaths = (
				"${TARGET_BUILD_DIR}/${FRAMEWORKS_FOLDER_PATH}/SnapKit.framework",
			);
			runOnlyForDeploymentPostprocessing = 0;
			shellPath = /bin/sh;
			shellScript = "\"${SRCROOT}/Pods/Target Support Files/Pods-Marsiple/Pods-Marsiple-frameworks.sh\"\n";
			showEnvVarsInLog = 0;
		};
		48979DBF21021271009F024D /* Todo/Note warnings */ = {
			isa = PBXShellScriptBuildPhase;
			buildActionMask = 2147483647;
			files = (
			);
			inputPaths = (
			);
			name = "Todo/Note warnings";
			outputPaths = (
			);
			runOnlyForDeploymentPostprocessing = 0;
			shellPath = /bin/sh;
			shellScript = "TAGS=\"TODO:|FIXME:|NOTE:\"\necho \"searching ${SRCROOT} for ${TAGS}\"\nfind \"${SRCROOT}\" \\( -name \"*.swift\" \\) -not -path \"${SRCROOT}/Pods/*\" -print0 | xargs -0 egrep --with-filename --line-number --only-matching \"($TAGS).*\\$\" | perl -p -e \"s/($TAGS)/ warning: \\$1/\"";
		};
		4F8689503003149450FBED84 /* [CP] Check Pods Manifest.lock */ = {
			isa = PBXShellScriptBuildPhase;
			buildActionMask = 2147483647;
			files = (
			);
			inputPaths = (
				"${PODS_PODFILE_DIR_PATH}/Podfile.lock",
				"${PODS_ROOT}/Manifest.lock",
			);
			name = "[CP] Check Pods Manifest.lock";
			outputPaths = (
				"$(DERIVED_FILE_DIR)/Pods-MarsipleTests-checkManifestLockResult.txt",
			);
			runOnlyForDeploymentPostprocessing = 0;
			shellPath = /bin/sh;
			shellScript = "diff \"${PODS_PODFILE_DIR_PATH}/Podfile.lock\" \"${PODS_ROOT}/Manifest.lock\" > /dev/null\nif [ $? != 0 ] ; then\n    # print error to STDERR\n    echo \"error: The sandbox is not in sync with the Podfile.lock. Run 'pod install' or update your CocoaPods installation.\" >&2\n    exit 1\nfi\n# This output is used by Xcode 'outputs' to avoid re-running this script phase.\necho \"SUCCESS\" > \"${SCRIPT_OUTPUT_FILE_0}\"\n";
			showEnvVarsInLog = 0;
		};
		F55050BA20FCF16C001788D0 /* ShellScript */ = {
			isa = PBXShellScriptBuildPhase;
			buildActionMask = 2147483647;
			files = (
			);
			inputPaths = (
			);
			outputPaths = (
			);
			runOnlyForDeploymentPostprocessing = 0;
			shellPath = /bin/sh;
			shellScript = "\"${PODS_ROOT}/SwiftLint/swiftlint\"";
		};
/* End PBXShellScriptBuildPhase section */

/* Begin PBXSourcesBuildPhase section */
		F5E47A9020FC8797007184ED /* Sources */ = {
			isa = PBXSourcesBuildPhase;
			buildActionMask = 2147483647;
			files = (
				F55050B120FCB166001788D0 /* PostsViewController.swift in Sources */,
				F55050C020FCF982001788D0 /* String-Marsiple.swift in Sources */,
				F55050BE20FCF84E001788D0 /* LocalizationKey.swift in Sources */,
				F55050C520FD0181001788D0 /* TabBarController.swift in Sources */,
				F5072AA920FF7E09002B5E9E /* HTTPRequestMethod.swift in Sources */,
				F54873D121109274001B3D6F /* TodoFormViewController.swift in Sources */,
				F54873D321109293001B3D6F /* TodoFormView.swift in Sources */,
				F5072A9B20FF5695002B5E9E /* MartianApi.swift in Sources */,
				F5072AAB20FF83B7002B5E9E /* HTTPRequestHeader.swift in Sources */,
				F5E47A9820FC8797007184ED /* AppDelegate.swift in Sources */,
				F55050C920FE05AF001788D0 /* PostsFetcher.swift in Sources */,
				F55050B320FCB272001788D0 /* PostsView.swift in Sources */,
				F5072AA720FF77F6002B5E9E /* UIColor-Marsiple.swift in Sources */,
				F5B106CE2109D9FA008D12AA /* TodoTableViewCell.swift in Sources */,
				F55050B520FCB32F001788D0 /* UIView-Marsiple.swift in Sources */,
				F5447C7B210EFB14001A20F2 /* Todo.swift in Sources */,
				F55050B720FCB395001788D0 /* Post.swift in Sources */,
				F5403D3C2109D848003D5088 /* TodosViewController.swift in Sources */,
				F5403D3E2109D862003D5088 /* TodosView.swift in Sources */,
				F54873D92112F3AE001B3D6F /* TodosIndex.swift in Sources */,
				F55050B920FCB822001788D0 /* PostTableViewCell.swift in Sources */,
			);
			runOnlyForDeploymentPostprocessing = 0;
		};
		F5E47AA420FC8798007184ED /* Sources */ = {
			isa = PBXSourcesBuildPhase;
			buildActionMask = 2147483647;
			files = (
				F5E47AAD20FC8798007184ED /* MarsipleTests.swift in Sources */,
			);
			runOnlyForDeploymentPostprocessing = 0;
		};
/* End PBXSourcesBuildPhase section */

/* Begin PBXTargetDependency section */
		F5E47AAA20FC8798007184ED /* PBXTargetDependency */ = {
			isa = PBXTargetDependency;
			target = F5E47A9320FC8797007184ED /* Marsiple */;
			targetProxy = F5E47AA920FC8798007184ED /* PBXContainerItemProxy */;
		};
/* End PBXTargetDependency section */

/* Begin XCBuildConfiguration section */
		F5E47AAF20FC8798007184ED /* Debug */ = {
			isa = XCBuildConfiguration;
			buildSettings = {
				ALWAYS_SEARCH_USER_PATHS = NO;
				CLANG_ANALYZER_NONNULL = YES;
				CLANG_ANALYZER_NUMBER_OBJECT_CONVERSION = YES_AGGRESSIVE;
				CLANG_CXX_LANGUAGE_STANDARD = "gnu++14";
				CLANG_CXX_LIBRARY = "libc++";
				CLANG_ENABLE_MODULES = YES;
				CLANG_ENABLE_OBJC_ARC = YES;
				CLANG_ENABLE_OBJC_WEAK = YES;
				CLANG_WARN_BLOCK_CAPTURE_AUTORELEASING = YES;
				CLANG_WARN_BOOL_CONVERSION = YES;
				CLANG_WARN_COMMA = YES;
				CLANG_WARN_CONSTANT_CONVERSION = YES;
				CLANG_WARN_DEPRECATED_OBJC_IMPLEMENTATIONS = YES;
				CLANG_WARN_DIRECT_OBJC_ISA_USAGE = YES_ERROR;
				CLANG_WARN_DOCUMENTATION_COMMENTS = YES;
				CLANG_WARN_EMPTY_BODY = YES;
				CLANG_WARN_ENUM_CONVERSION = YES;
				CLANG_WARN_INFINITE_RECURSION = YES;
				CLANG_WARN_INT_CONVERSION = YES;
				CLANG_WARN_NON_LITERAL_NULL_CONVERSION = YES;
				CLANG_WARN_OBJC_IMPLICIT_RETAIN_SELF = YES;
				CLANG_WARN_OBJC_LITERAL_CONVERSION = YES;
				CLANG_WARN_OBJC_ROOT_CLASS = YES_ERROR;
				CLANG_WARN_RANGE_LOOP_ANALYSIS = YES;
				CLANG_WARN_STRICT_PROTOTYPES = YES;
				CLANG_WARN_SUSPICIOUS_MOVE = YES;
				CLANG_WARN_UNGUARDED_AVAILABILITY = YES_AGGRESSIVE;
				CLANG_WARN_UNREACHABLE_CODE = YES;
				CLANG_WARN__DUPLICATE_METHOD_MATCH = YES;
				CODE_SIGN_IDENTITY = "iPhone Developer";
				COPY_PHASE_STRIP = NO;
				DEBUG_INFORMATION_FORMAT = dwarf;
				ENABLE_STRICT_OBJC_MSGSEND = YES;
				ENABLE_TESTABILITY = YES;
				GCC_C_LANGUAGE_STANDARD = gnu11;
				GCC_DYNAMIC_NO_PIC = NO;
				GCC_NO_COMMON_BLOCKS = YES;
				GCC_OPTIMIZATION_LEVEL = 0;
				GCC_PREPROCESSOR_DEFINITIONS = (
					"DEBUG=1",
					"$(inherited)",
				);
				GCC_WARN_64_TO_32_BIT_CONVERSION = YES;
				GCC_WARN_ABOUT_RETURN_TYPE = YES_ERROR;
				GCC_WARN_UNDECLARED_SELECTOR = YES;
				GCC_WARN_UNINITIALIZED_AUTOS = YES_AGGRESSIVE;
				GCC_WARN_UNUSED_FUNCTION = YES;
				GCC_WARN_UNUSED_VARIABLE = YES;
				IPHONEOS_DEPLOYMENT_TARGET = 11.4;
				MTL_ENABLE_DEBUG_INFO = YES;
				ONLY_ACTIVE_ARCH = YES;
				SDKROOT = iphoneos;
				SWIFT_ACTIVE_COMPILATION_CONDITIONS = DEBUG;
				SWIFT_OPTIMIZATION_LEVEL = "-Onone";
			};
			name = Debug;
		};
		F5E47AB020FC8798007184ED /* Release */ = {
			isa = XCBuildConfiguration;
			buildSettings = {
				ALWAYS_SEARCH_USER_PATHS = NO;
				CLANG_ANALYZER_NONNULL = YES;
				CLANG_ANALYZER_NUMBER_OBJECT_CONVERSION = YES_AGGRESSIVE;
				CLANG_CXX_LANGUAGE_STANDARD = "gnu++14";
				CLANG_CXX_LIBRARY = "libc++";
				CLANG_ENABLE_MODULES = YES;
				CLANG_ENABLE_OBJC_ARC = YES;
				CLANG_ENABLE_OBJC_WEAK = YES;
				CLANG_WARN_BLOCK_CAPTURE_AUTORELEASING = YES;
				CLANG_WARN_BOOL_CONVERSION = YES;
				CLANG_WARN_COMMA = YES;
				CLANG_WARN_CONSTANT_CONVERSION = YES;
				CLANG_WARN_DEPRECATED_OBJC_IMPLEMENTATIONS = YES;
				CLANG_WARN_DIRECT_OBJC_ISA_USAGE = YES_ERROR;
				CLANG_WARN_DOCUMENTATION_COMMENTS = YES;
				CLANG_WARN_EMPTY_BODY = YES;
				CLANG_WARN_ENUM_CONVERSION = YES;
				CLANG_WARN_INFINITE_RECURSION = YES;
				CLANG_WARN_INT_CONVERSION = YES;
				CLANG_WARN_NON_LITERAL_NULL_CONVERSION = YES;
				CLANG_WARN_OBJC_IMPLICIT_RETAIN_SELF = YES;
				CLANG_WARN_OBJC_LITERAL_CONVERSION = YES;
				CLANG_WARN_OBJC_ROOT_CLASS = YES_ERROR;
				CLANG_WARN_RANGE_LOOP_ANALYSIS = YES;
				CLANG_WARN_STRICT_PROTOTYPES = YES;
				CLANG_WARN_SUSPICIOUS_MOVE = YES;
				CLANG_WARN_UNGUARDED_AVAILABILITY = YES_AGGRESSIVE;
				CLANG_WARN_UNREACHABLE_CODE = YES;
				CLANG_WARN__DUPLICATE_METHOD_MATCH = YES;
				CODE_SIGN_IDENTITY = "iPhone Developer";
				COPY_PHASE_STRIP = NO;
				DEBUG_INFORMATION_FORMAT = "dwarf-with-dsym";
				ENABLE_NS_ASSERTIONS = NO;
				ENABLE_STRICT_OBJC_MSGSEND = YES;
				GCC_C_LANGUAGE_STANDARD = gnu11;
				GCC_NO_COMMON_BLOCKS = YES;
				GCC_WARN_64_TO_32_BIT_CONVERSION = YES;
				GCC_WARN_ABOUT_RETURN_TYPE = YES_ERROR;
				GCC_WARN_UNDECLARED_SELECTOR = YES;
				GCC_WARN_UNINITIALIZED_AUTOS = YES_AGGRESSIVE;
				GCC_WARN_UNUSED_FUNCTION = YES;
				GCC_WARN_UNUSED_VARIABLE = YES;
				IPHONEOS_DEPLOYMENT_TARGET = 11.4;
				MTL_ENABLE_DEBUG_INFO = NO;
				SDKROOT = iphoneos;
				SWIFT_COMPILATION_MODE = wholemodule;
				SWIFT_OPTIMIZATION_LEVEL = "-O";
				VALIDATE_PRODUCT = YES;
			};
			name = Release;
		};
		F5E47AB220FC8798007184ED /* Debug */ = {
			isa = XCBuildConfiguration;
			baseConfigurationReference = DD4BAF21888EE1B071B8FEA3 /* Pods-Marsiple.debug.xcconfig */;
			buildSettings = {
				ASSETCATALOG_COMPILER_APPICON_NAME = AppIcon;
				CODE_SIGN_STYLE = Automatic;
				DEVELOPMENT_TEAM = NV38R3X63U;
				INFOPLIST_FILE = Marsiple/Resources/Other/Info.plist;
				LD_RUNPATH_SEARCH_PATHS = (
					"$(inherited)",
					"@executable_path/Frameworks",
				);
				PRODUCT_BUNDLE_IDENTIFIER = com.matejkorman.Marsiple;
				PRODUCT_NAME = "$(TARGET_NAME)";
				SWIFT_VERSION = 4.0;
				TARGETED_DEVICE_FAMILY = 1;
			};
			name = Debug;
		};
		F5E47AB320FC8798007184ED /* Release */ = {
			isa = XCBuildConfiguration;
			baseConfigurationReference = 4205AB745763B42F7DC6D9FF /* Pods-Marsiple.release.xcconfig */;
			buildSettings = {
				ASSETCATALOG_COMPILER_APPICON_NAME = AppIcon;
				CODE_SIGN_STYLE = Automatic;
				DEVELOPMENT_TEAM = NV38R3X63U;
				INFOPLIST_FILE = Marsiple/Resources/Other/Info.plist;
				LD_RUNPATH_SEARCH_PATHS = (
					"$(inherited)",
					"@executable_path/Frameworks",
				);
				PRODUCT_BUNDLE_IDENTIFIER = com.matejkorman.Marsiple;
				PRODUCT_NAME = "$(TARGET_NAME)";
				SWIFT_VERSION = 4.0;
				TARGETED_DEVICE_FAMILY = 1;
			};
			name = Release;
		};
		F5E47AB520FC8798007184ED /* Debug */ = {
			isa = XCBuildConfiguration;
			baseConfigurationReference = 329A3398E1E61CC2904E6614 /* Pods-MarsipleTests.debug.xcconfig */;
			buildSettings = {
				ALWAYS_EMBED_SWIFT_STANDARD_LIBRARIES = YES;
				BUNDLE_LOADER = "$(TEST_HOST)";
				CODE_SIGN_STYLE = Automatic;
				DEVELOPMENT_TEAM = NV38R3X63U;
				INFOPLIST_FILE = MarsipleTests/Info.plist;
				LD_RUNPATH_SEARCH_PATHS = (
					"$(inherited)",
					"@executable_path/Frameworks",
					"@loader_path/Frameworks",
				);
				PRODUCT_BUNDLE_IDENTIFIER = com.matejkorman.MarsipleTests;
				PRODUCT_NAME = "$(TARGET_NAME)";
				SWIFT_VERSION = 4.0;
				TARGETED_DEVICE_FAMILY = "1,2";
				TEST_HOST = "$(BUILT_PRODUCTS_DIR)/Marsiple.app/Marsiple";
			};
			name = Debug;
		};
		F5E47AB620FC8798007184ED /* Release */ = {
			isa = XCBuildConfiguration;
			baseConfigurationReference = 6281ECE3AAE73F06DDAD88FB /* Pods-MarsipleTests.release.xcconfig */;
			buildSettings = {
				ALWAYS_EMBED_SWIFT_STANDARD_LIBRARIES = YES;
				BUNDLE_LOADER = "$(TEST_HOST)";
				CODE_SIGN_STYLE = Automatic;
				DEVELOPMENT_TEAM = NV38R3X63U;
				INFOPLIST_FILE = MarsipleTests/Info.plist;
				LD_RUNPATH_SEARCH_PATHS = (
					"$(inherited)",
					"@executable_path/Frameworks",
					"@loader_path/Frameworks",
				);
				PRODUCT_BUNDLE_IDENTIFIER = com.matejkorman.MarsipleTests;
				PRODUCT_NAME = "$(TARGET_NAME)";
				SWIFT_VERSION = 4.0;
				TARGETED_DEVICE_FAMILY = "1,2";
				TEST_HOST = "$(BUILT_PRODUCTS_DIR)/Marsiple.app/Marsiple";
			};
			name = Release;
		};
/* End XCBuildConfiguration section */

/* Begin XCConfigurationList section */
		F5E47A8F20FC8797007184ED /* Build configuration list for PBXProject "Marsiple" */ = {
			isa = XCConfigurationList;
			buildConfigurations = (
				F5E47AAF20FC8798007184ED /* Debug */,
				F5E47AB020FC8798007184ED /* Release */,
			);
			defaultConfigurationIsVisible = 0;
			defaultConfigurationName = Release;
		};
		F5E47AB120FC8798007184ED /* Build configuration list for PBXNativeTarget "Marsiple" */ = {
			isa = XCConfigurationList;
			buildConfigurations = (
				F5E47AB220FC8798007184ED /* Debug */,
				F5E47AB320FC8798007184ED /* Release */,
			);
			defaultConfigurationIsVisible = 0;
			defaultConfigurationName = Release;
		};
		F5E47AB420FC8798007184ED /* Build configuration list for PBXNativeTarget "MarsipleTests" */ = {
			isa = XCConfigurationList;
			buildConfigurations = (
				F5E47AB520FC8798007184ED /* Debug */,
				F5E47AB620FC8798007184ED /* Release */,
			);
			defaultConfigurationIsVisible = 0;
			defaultConfigurationName = Release;
		};
/* End XCConfigurationList section */
	};
	rootObject = F5E47A8C20FC8797007184ED /* Project object */;
}
