// !$*UTF8*$!
{
	archiveVersion = 1;
	classes = {
	};
	objectVersion = 50;
	objects = {

/* Begin PBXBuildFile section */
		F5E47A9820FC8797007184ED /* AppDelegate.swift in Sources */ = {isa = PBXBuildFile; fileRef = F5E47A9720FC8797007184ED /* AppDelegate.swift */; };
		F5E47A9F20FC8798007184ED /* Assets.xcassets in Resources */ = {isa = PBXBuildFile; fileRef = F5E47A9E20FC8798007184ED /* Assets.xcassets */; };
		F5E47AAD20FC8798007184ED /* MarsipleTests.swift in Sources */ = {isa = PBXBuildFile; fileRef = F5E47AAC20FC8798007184ED /* MarsipleTests.swift */; };
		F5E47AC320FC8B9B007184ED /* Info.plist in Resources */ = {isa = PBXBuildFile; fileRef = F5E47AA320FC8798007184ED /* Info.plist */; };
/* End PBXBuildFile section */

/* Begin PBXContainerItemProxy section */
		F5E47AA920FC8798007184ED /* PBXContainerItemProxy */ = {
			isa = PBXContainerItemProxy;
			containerPortal = F5E47A8C20FC8797007184ED /* Project object */;
			proxyType = 1;
			remoteGlobalIDString = F5E47A9320FC8797007184ED;
			remoteInfo = Marsiple;
		};
/* End PBXContainerItemProxy section */

/* Begin PBXFileReference section */
		F5E47A9420FC8797007184ED /* Marsiple.app */ = {isa = PBXFileReference; explicitFileType = wrapper.application; includeInIndex = 0; path = Marsiple.app; sourceTree = BUILT_PRODUCTS_DIR; };
		F5E47A9720FC8797007184ED /* AppDelegate.swift */ = {isa = PBXFileReference; lastKnownFileType = sourcecode.swift; path = AppDelegate.swift; sourceTree = "<group>"; };
		F5E47A9E20FC8798007184ED /* Assets.xcassets */ = {isa = PBXFileReference; lastKnownFileType = folder.assetcatalog; path = Assets.xcassets; sourceTree = "<group>"; };
		F5E47AA320FC8798007184ED /* Info.plist */ = {isa = PBXFileReference; lastKnownFileType = text.plist.xml; path = Info.plist; sourceTree = "<group>"; };
		F5E47AA820FC8798007184ED /* MarsipleTests.xctest */ = {isa = PBXFileReference; explicitFileType = wrapper.cfbundle; includeInIndex = 0; path = MarsipleTests.xctest; sourceTree = BUILT_PRODUCTS_DIR; };
		F5E47AAC20FC8798007184ED /* MarsipleTests.swift */ = {isa = PBXFileReference; lastKnownFileType = sourcecode.swift; path = MarsipleTests.swift; sourceTree = "<group>"; };
		F5E47AAE20FC8798007184ED /* Info.plist */ = {isa = PBXFileReference; lastKnownFileType = text.plist.xml; path = Info.plist; sourceTree = "<group>"; };
/* End PBXFileReference section */

/* Begin PBXFrameworksBuildPhase section */
		F5E47A9120FC8797007184ED /* Frameworks */ = {
			isa = PBXFrameworksBuildPhase;
			buildActionMask = 2147483647;
			files = (
			);
			runOnlyForDeploymentPostprocessing = 0;
		};
		F5E47AA520FC8798007184ED /* Frameworks */ = {
			isa = PBXFrameworksBuildPhase;
			buildActionMask = 2147483647;
			files = (
			);
			runOnlyForDeploymentPostprocessing = 0;
		};
/* End PBXFrameworksBuildPhase section */

/* Begin PBXGroup section */
		F5E47A8B20FC8797007184ED = {
			isa = PBXGroup;
			children = (
				F5E47A9620FC8797007184ED /* Marsiple */,
				F5E47AAB20FC8798007184ED /* MarsipleTests */,
				F5E47A9520FC8797007184ED /* Products */,
			);
			sourceTree = "<group>";
		};
		F5E47A9520FC8797007184ED /* Products */ = {
			isa = PBXGroup;
			children = (
				F5E47A9420FC8797007184ED /* Marsiple.app */,
				F5E47AA820FC8798007184ED /* MarsipleTests.xctest */,
			);
			name = Products;
			sourceTree = "<group>";
		};
		F5E47A9620FC8797007184ED /* Marsiple */ = {
			isa = PBXGroup;
			children = (
				F5E47AB720FC87EC007184ED /* App */,
				F5E47AB820FC87F4007184ED /* Common */,
				F5E47AB920FC8856007184ED /* Resources */,
			);
			path = Marsiple;
			sourceTree = "<group>";
		};
		F5E47AAB20FC8798007184ED /* MarsipleTests */ = {
			isa = PBXGroup;
			children = (
				F5E47AAC20FC8798007184ED /* MarsipleTests.swift */,
				F5E47AAE20FC8798007184ED /* Info.plist */,
			);
			path = MarsipleTests;
			sourceTree = "<group>";
		};
		F5E47AB720FC87EC007184ED /* App */ = {
			isa = PBXGroup;
			children = (
				F5E47A9720FC8797007184ED /* AppDelegate.swift */,
			);
			path = App;
			sourceTree = "<group>";
		};
		F5E47AB820FC87F4007184ED /* Common */ = {
			isa = PBXGroup;
			children = (
				F5E47ABA20FC88C7007184ED /* Localization */,
				F5E47ABB20FC88D2007184ED /* Utilities */,
				F5E47AC020FC8919007184ED /* UI */,
				F5E47ABF20FC890E007184ED /* Network */,
				F5E47ABE20FC8908007184ED /* Models */,
				F5E47ABD20FC88FE007184ED /* Extensions */,
				F5E47ABC20FC88F5007184ED /* Persistence */,
			);
			path = Common;
			sourceTree = "<group>";
		};
		F5E47AB920FC8856007184ED /* Resources */ = {
			isa = PBXGroup;
			children = (
				F5E47AC120FC896D007184ED /* Localization */,
				F5E47A9E20FC8798007184ED /* Assets.xcassets */,
				F5E47AC220FC8982007184ED /* Other */,
			);
			path = Resources;
			sourceTree = "<group>";
		};
		F5E47ABA20FC88C7007184ED /* Localization */ = {
			isa = PBXGroup;
			children = (
			);
			path = Localization;
			sourceTree = "<group>";
		};
		F5E47ABB20FC88D2007184ED /* Utilities */ = {
			isa = PBXGroup;
			children = (
			);
			path = Utilities;
			sourceTree = "<group>";
		};
		F5E47ABC20FC88F5007184ED /* Persistence */ = {
			isa = PBXGroup;
			children = (
			);
			path = Persistence;
			sourceTree = "<group>";
		};
		F5E47ABD20FC88FE007184ED /* Extensions */ = {
			isa = PBXGroup;
			children = (
			);
			path = Extensions;
			sourceTree = "<group>";
		};
		F5E47ABE20FC8908007184ED /* Models */ = {
			isa = PBXGroup;
			children = (
			);
			path = Models;
			sourceTree = "<group>";
		};
		F5E47ABF20FC890E007184ED /* Network */ = {
			isa = PBXGroup;
			children = (
			);
			path = Network;
			sourceTree = "<group>";
		};
		F5E47AC020FC8919007184ED /* UI */ = {
			isa = PBXGroup;
			children = (
			);
			path = UI;
			sourceTree = "<group>";
		};
		F5E47AC120FC896D007184ED /* Localization */ = {
			isa = PBXGroup;
			children = (
			);
			path = Localization;
			sourceTree = "<group>";
		};
		F5E47AC220FC8982007184ED /* Other */ = {
			isa = PBXGroup;
			children = (
				F5E47AA320FC8798007184ED /* Info.plist */,
			);
			path = Other;
			sourceTree = "<group>";
		};
/* End PBXGroup section */

/* Begin PBXNativeTarget section */
		F5E47A9320FC8797007184ED /* Marsiple */ = {
			isa = PBXNativeTarget;
			buildConfigurationList = F5E47AB120FC8798007184ED /* Build configuration list for PBXNativeTarget "Marsiple" */;
			buildPhases = (
				F5E47A9020FC8797007184ED /* Sources */,
				F5E47A9120FC8797007184ED /* Frameworks */,
				F5E47A9220FC8797007184ED /* Resources */,
			);
			buildRules = (
			);
			dependencies = (
			);
			name = Marsiple;
			productName = Marsiple;
			productReference = F5E47A9420FC8797007184ED /* Marsiple.app */;
			productType = "com.apple.product-type.application";
		};
		F5E47AA720FC8798007184ED /* MarsipleTests */ = {
			isa = PBXNativeTarget;
			buildConfigurationList = F5E47AB420FC8798007184ED /* Build configuration list for PBXNativeTarget "MarsipleTests" */;
			buildPhases = (
				F5E47AA420FC8798007184ED /* Sources */,
				F5E47AA520FC8798007184ED /* Frameworks */,
				F5E47AA620FC8798007184ED /* Resources */,
			);
			buildRules = (
			);
			dependencies = (
				F5E47AAA20FC8798007184ED /* PBXTargetDependency */,
			);
			name = MarsipleTests;
			productName = MarsipleTests;
			productReference = F5E47AA820FC8798007184ED /* MarsipleTests.xctest */;
			productType = "com.apple.product-type.bundle.unit-test";
		};
/* End PBXNativeTarget section */

/* Begin PBXProject section */
		F5E47A8C20FC8797007184ED /* Project object */ = {
			isa = PBXProject;
			attributes = {
				LastSwiftUpdateCheck = 0940;
				LastUpgradeCheck = 0940;
				ORGANIZATIONNAME = "Matej Korman";
				TargetAttributes = {
					F5E47A9320FC8797007184ED = {
						CreatedOnToolsVersion = 9.4.1;
					};
					F5E47AA720FC8798007184ED = {
						CreatedOnToolsVersion = 9.4.1;
						TestTargetID = F5E47A9320FC8797007184ED;
					};
				};
			};
			buildConfigurationList = F5E47A8F20FC8797007184ED /* Build configuration list for PBXProject "Marsiple" */;
			compatibilityVersion = "Xcode 9.3";
			developmentRegion = en;
			hasScannedForEncodings = 0;
			knownRegions = (
				en,
				Base,
			);
			mainGroup = F5E47A8B20FC8797007184ED;
			productRefGroup = F5E47A9520FC8797007184ED /* Products */;
			projectDirPath = "";
			projectRoot = "";
			targets = (
				F5E47A9320FC8797007184ED /* Marsiple */,
				F5E47AA720FC8798007184ED /* MarsipleTests */,
			);
		};
/* End PBXProject section */

/* Begin PBXResourcesBuildPhase section */
		F5E47A9220FC8797007184ED /* Resources */ = {
			isa = PBXResourcesBuildPhase;
			buildActionMask = 2147483647;
			files = (
				F5E47AC320FC8B9B007184ED /* Info.plist in Resources */,
				F5E47A9F20FC8798007184ED /* Assets.xcassets in Resources */,
			);
			runOnlyForDeploymentPostprocessing = 0;
		};
		F5E47AA620FC8798007184ED /* Resources */ = {
			isa = PBXResourcesBuildPhase;
			buildActionMask = 2147483647;
			files = (
			);
			runOnlyForDeploymentPostprocessing = 0;
		};
/* End PBXResourcesBuildPhase section */

/* Begin PBXSourcesBuildPhase section */
		F5E47A9020FC8797007184ED /* Sources */ = {
			isa = PBXSourcesBuildPhase;
			buildActionMask = 2147483647;
			files = (
				F5E47A9820FC8797007184ED /* AppDelegate.swift in Sources */,
			);
			runOnlyForDeploymentPostprocessing = 0;
		};
		F5E47AA420FC8798007184ED /* Sources */ = {
			isa = PBXSourcesBuildPhase;
			buildActionMask = 2147483647;
			files = (
				F5E47AAD20FC8798007184ED /* MarsipleTests.swift in Sources */,
			);
			runOnlyForDeploymentPostprocessing = 0;
		};
/* End PBXSourcesBuildPhase section */

/* Begin PBXTargetDependency section */
		F5E47AAA20FC8798007184ED /* PBXTargetDependency */ = {
			isa = PBXTargetDependency;
			target = F5E47A9320FC8797007184ED /* Marsiple */;
			targetProxy = F5E47AA920FC8798007184ED /* PBXContainerItemProxy */;
		};
/* End PBXTargetDependency section */

/* Begin XCBuildConfiguration section */
		F5E47AAF20FC8798007184ED /* Debug */ = {
			isa = XCBuildConfiguration;
			buildSettings = {
				ALWAYS_SEARCH_USER_PATHS = NO;
				CLANG_ANALYZER_NONNULL = YES;
				CLANG_ANALYZER_NUMBER_OBJECT_CONVERSION = YES_AGGRESSIVE;
				CLANG_CXX_LANGUAGE_STANDARD = "gnu++14";
				CLANG_CXX_LIBRARY = "libc++";
				CLANG_ENABLE_MODULES = YES;
				CLANG_ENABLE_OBJC_ARC = YES;
				CLANG_ENABLE_OBJC_WEAK = YES;
				CLANG_WARN_BLOCK_CAPTURE_AUTORELEASING = YES;
				CLANG_WARN_BOOL_CONVERSION = YES;
				CLANG_WARN_COMMA = YES;
				CLANG_WARN_CONSTANT_CONVERSION = YES;
				CLANG_WARN_DEPRECATED_OBJC_IMPLEMENTATIONS = YES;
				CLANG_WARN_DIRECT_OBJC_ISA_USAGE = YES_ERROR;
				CLANG_WARN_DOCUMENTATION_COMMENTS = YES;
				CLANG_WARN_EMPTY_BODY = YES;
				CLANG_WARN_ENUM_CONVERSION = YES;
				CLANG_WARN_INFINITE_RECURSION = YES;
				CLANG_WARN_INT_CONVERSION = YES;
				CLANG_WARN_NON_LITERAL_NULL_CONVERSION = YES;
				CLANG_WARN_OBJC_IMPLICIT_RETAIN_SELF = YES;
				CLANG_WARN_OBJC_LITERAL_CONVERSION = YES;
				CLANG_WARN_OBJC_ROOT_CLASS = YES_ERROR;
				CLANG_WARN_RANGE_LOOP_ANALYSIS = YES;
				CLANG_WARN_STRICT_PROTOTYPES = YES;
				CLANG_WARN_SUSPICIOUS_MOVE = YES;
				CLANG_WARN_UNGUARDED_AVAILABILITY = YES_AGGRESSIVE;
				CLANG_WARN_UNREACHABLE_CODE = YES;
				CLANG_WARN__DUPLICATE_METHOD_MATCH = YES;
				CODE_SIGN_IDENTITY = "iPhone Developer";
				COPY_PHASE_STRIP = NO;
				DEBUG_INFORMATION_FORMAT = dwarf;
				ENABLE_STRICT_OBJC_MSGSEND = YES;
				ENABLE_TESTABILITY = YES;
				GCC_C_LANGUAGE_STANDARD = gnu11;
				GCC_DYNAMIC_NO_PIC = NO;
				GCC_NO_COMMON_BLOCKS = YES;
				GCC_OPTIMIZATION_LEVEL = 0;
				GCC_PREPROCESSOR_DEFINITIONS = (
					"DEBUG=1",
					"$(inherited)",
				);
				GCC_WARN_64_TO_32_BIT_CONVERSION = YES;
				GCC_WARN_ABOUT_RETURN_TYPE = YES_ERROR;
				GCC_WARN_UNDECLARED_SELECTOR = YES;
				GCC_WARN_UNINITIALIZED_AUTOS = YES_AGGRESSIVE;
				GCC_WARN_UNUSED_FUNCTION = YES;
				GCC_WARN_UNUSED_VARIABLE = YES;
				IPHONEOS_DEPLOYMENT_TARGET = 11.4;
				MTL_ENABLE_DEBUG_INFO = YES;
				ONLY_ACTIVE_ARCH = YES;
				SDKROOT = iphoneos;
				SWIFT_ACTIVE_COMPILATION_CONDITIONS = DEBUG;
				SWIFT_OPTIMIZATION_LEVEL = "-Onone";
			};
			name = Debug;
		};
		F5E47AB020FC8798007184ED /* Release */ = {
			isa = XCBuildConfiguration;
			buildSettings = {
				ALWAYS_SEARCH_USER_PATHS = NO;
				CLANG_ANALYZER_NONNULL = YES;
				CLANG_ANALYZER_NUMBER_OBJECT_CONVERSION = YES_AGGRESSIVE;
				CLANG_CXX_LANGUAGE_STANDARD = "gnu++14";
				CLANG_CXX_LIBRARY = "libc++";
				CLANG_ENABLE_MODULES = YES;
				CLANG_ENABLE_OBJC_ARC = YES;
				CLANG_ENABLE_OBJC_WEAK = YES;
				CLANG_WARN_BLOCK_CAPTURE_AUTORELEASING = YES;
				CLANG_WARN_BOOL_CONVERSION = YES;
				CLANG_WARN_COMMA = YES;
				CLANG_WARN_CONSTANT_CONVERSION = YES;
				CLANG_WARN_DEPRECATED_OBJC_IMPLEMENTATIONS = YES;
				CLANG_WARN_DIRECT_OBJC_ISA_USAGE = YES_ERROR;
				CLANG_WARN_DOCUMENTATION_COMMENTS = YES;
				CLANG_WARN_EMPTY_BODY = YES;
				CLANG_WARN_ENUM_CONVERSION = YES;
				CLANG_WARN_INFINITE_RECURSION = YES;
				CLANG_WARN_INT_CONVERSION = YES;
				CLANG_WARN_NON_LITERAL_NULL_CONVERSION = YES;
				CLANG_WARN_OBJC_IMPLICIT_RETAIN_SELF = YES;
				CLANG_WARN_OBJC_LITERAL_CONVERSION = YES;
				CLANG_WARN_OBJC_ROOT_CLASS = YES_ERROR;
				CLANG_WARN_RANGE_LOOP_ANALYSIS = YES;
				CLANG_WARN_STRICT_PROTOTYPES = YES;
				CLANG_WARN_SUSPICIOUS_MOVE = YES;
				CLANG_WARN_UNGUARDED_AVAILABILITY = YES_AGGRESSIVE;
				CLANG_WARN_UNREACHABLE_CODE = YES;
				CLANG_WARN__DUPLICATE_METHOD_MATCH = YES;
				CODE_SIGN_IDENTITY = "iPhone Developer";
				COPY_PHASE_STRIP = NO;
				DEBUG_INFORMATION_FORMAT = "dwarf-with-dsym";
				ENABLE_NS_ASSERTIONS = NO;
				ENABLE_STRICT_OBJC_MSGSEND = YES;
				GCC_C_LANGUAGE_STANDARD = gnu11;
				GCC_NO_COMMON_BLOCKS = YES;
				GCC_WARN_64_TO_32_BIT_CONVERSION = YES;
				GCC_WARN_ABOUT_RETURN_TYPE = YES_ERROR;
				GCC_WARN_UNDECLARED_SELECTOR = YES;
				GCC_WARN_UNINITIALIZED_AUTOS = YES_AGGRESSIVE;
				GCC_WARN_UNUSED_FUNCTION = YES;
				GCC_WARN_UNUSED_VARIABLE = YES;
				IPHONEOS_DEPLOYMENT_TARGET = 11.4;
				MTL_ENABLE_DEBUG_INFO = NO;
				SDKROOT = iphoneos;
				SWIFT_COMPILATION_MODE = wholemodule;
				SWIFT_OPTIMIZATION_LEVEL = "-O";
				VALIDATE_PRODUCT = YES;
			};
			name = Release;
		};
		F5E47AB220FC8798007184ED /* Debug */ = {
			isa = XCBuildConfiguration;
			buildSettings = {
				ASSETCATALOG_COMPILER_APPICON_NAME = AppIcon;
				CODE_SIGN_STYLE = Automatic;
				DEVELOPMENT_TEAM = NV38R3X63U;
				INFOPLIST_FILE = Marsiple/Resources/Other/Info.plist;
				LD_RUNPATH_SEARCH_PATHS = (
					"$(inherited)",
					"@executable_path/Frameworks",
				);
				PRODUCT_BUNDLE_IDENTIFIER = com.matejkorman.Marsiple;
				PRODUCT_NAME = "$(TARGET_NAME)";
				SWIFT_VERSION = 4.0;
				TARGETED_DEVICE_FAMILY = 1;
			};
			name = Debug;
		};
		F5E47AB320FC8798007184ED /* Release */ = {
			isa = XCBuildConfiguration;
			buildSettings = {
				ASSETCATALOG_COMPILER_APPICON_NAME = AppIcon;
				CODE_SIGN_STYLE = Automatic;
				DEVELOPMENT_TEAM = NV38R3X63U;
				INFOPLIST_FILE = Marsiple/Resources/Other/Info.plist;
				LD_RUNPATH_SEARCH_PATHS = (
					"$(inherited)",
					"@executable_path/Frameworks",
				);
				PRODUCT_BUNDLE_IDENTIFIER = com.matejkorman.Marsiple;
				PRODUCT_NAME = "$(TARGET_NAME)";
				SWIFT_VERSION = 4.0;
				TARGETED_DEVICE_FAMILY = 1;
			};
			name = Release;
		};
		F5E47AB520FC8798007184ED /* Debug */ = {
			isa = XCBuildConfiguration;
			buildSettings = {
				ALWAYS_EMBED_SWIFT_STANDARD_LIBRARIES = YES;
				BUNDLE_LOADER = "$(TEST_HOST)";
				CODE_SIGN_STYLE = Automatic;
				DEVELOPMENT_TEAM = NV38R3X63U;
				INFOPLIST_FILE = MarsipleTests/Info.plist;
				LD_RUNPATH_SEARCH_PATHS = (
					"$(inherited)",
					"@executable_path/Frameworks",
					"@loader_path/Frameworks",
				);
				PRODUCT_BUNDLE_IDENTIFIER = com.matejkorman.MarsipleTests;
				PRODUCT_NAME = "$(TARGET_NAME)";
				SWIFT_VERSION = 4.0;
				TARGETED_DEVICE_FAMILY = "1,2";
				TEST_HOST = "$(BUILT_PRODUCTS_DIR)/Marsiple.app/Marsiple";
			};
			name = Debug;
		};
		F5E47AB620FC8798007184ED /* Release */ = {
			isa = XCBuildConfiguration;
			buildSettings = {
				ALWAYS_EMBED_SWIFT_STANDARD_LIBRARIES = YES;
				BUNDLE_LOADER = "$(TEST_HOST)";
				CODE_SIGN_STYLE = Automatic;
				DEVELOPMENT_TEAM = NV38R3X63U;
				INFOPLIST_FILE = MarsipleTests/Info.plist;
				LD_RUNPATH_SEARCH_PATHS = (
					"$(inherited)",
					"@executable_path/Frameworks",
					"@loader_path/Frameworks",
				);
				PRODUCT_BUNDLE_IDENTIFIER = com.matejkorman.MarsipleTests;
				PRODUCT_NAME = "$(TARGET_NAME)";
				SWIFT_VERSION = 4.0;
				TARGETED_DEVICE_FAMILY = "1,2";
				TEST_HOST = "$(BUILT_PRODUCTS_DIR)/Marsiple.app/Marsiple";
			};
			name = Release;
		};
/* End XCBuildConfiguration section */

/* Begin XCConfigurationList section */
		F5E47A8F20FC8797007184ED /* Build configuration list for PBXProject "Marsiple" */ = {
			isa = XCConfigurationList;
			buildConfigurations = (
				F5E47AAF20FC8798007184ED /* Debug */,
				F5E47AB020FC8798007184ED /* Release */,
			);
			defaultConfigurationIsVisible = 0;
			defaultConfigurationName = Release;
		};
		F5E47AB120FC8798007184ED /* Build configuration list for PBXNativeTarget "Marsiple" */ = {
			isa = XCConfigurationList;
			buildConfigurations = (
				F5E47AB220FC8798007184ED /* Debug */,
				F5E47AB320FC8798007184ED /* Release */,
			);
			defaultConfigurationIsVisible = 0;
			defaultConfigurationName = Release;
		};
		F5E47AB420FC8798007184ED /* Build configuration list for PBXNativeTarget "MarsipleTests" */ = {
			isa = XCConfigurationList;
			buildConfigurations = (
				F5E47AB520FC8798007184ED /* Debug */,
				F5E47AB620FC8798007184ED /* Release */,
			);
			defaultConfigurationIsVisible = 0;
			defaultConfigurationName = Release;
		};
/* End XCConfigurationList section */
	};
	rootObject = F5E47A8C20FC8797007184ED /* Project object */;
}
